
Microsoft Visual Studio Solution File, Format Version 12.00
# Visual Studio Version 17
VisualStudioVersion = 17.13.35828.75 d17.13
MinimumVisualStudioVersion = 10.0.40219.1
Project("{FAE04EC0-301F-11D3-BF4B-00C04F79EFBC}") = "Enam_Laba_3_class_work", "Enam_Laba_3_class_work.csproj", "{A39CD99F-5386-4FB5-BD77-DD4C7EDFB87F}"
EndProject
Global
	GlobalSection(SolutionConfigurationPlatforms) = preSolution
		Debug|Any CPU = Debug|Any CPU
		Release|Any CPU = Release|Any CPU
	EndGlobalSection
	GlobalSection(ProjectConfigurationPlatforms) = postSolution
		{A39CD99F-5386-4FB5-BD77-DD4C7EDFB87F}.Debug|Any CPU.ActiveCfg = Debug|Any CPU
		{A39CD99F-5386-4FB5-BD77-DD4C7EDFB87F}.Debug|Any CPU.Build.0 = Debug|Any CPU
		{A39CD99F-5386-4FB5-BD77-DD4C7EDFB87F}.Release|Any CPU.ActiveCfg = Release|Any CPU
		{A39CD99F-5386-4FB5-BD77-DD4C7EDFB87F}.Release|Any CPU.Build.0 = Release|Any CPU
	EndGlobalSection
	GlobalSection(SolutionProperties) = preSolution
		HideSolutionNode = FALSE
	EndGlobalSection
	GlobalSection(ExtensibilityGlobals) = postSolution
		SolutionGuid = {BD223A27-8835-4268-8976-13808B0423A0}
	EndGlobalSection
EndGlobal
